PODS:
  - ChameleonFramework/Default (2.1.0)
  - ChameleonFramework/Swift (2.1.0):
    - ChameleonFramework/Default
  - Pastel (0.5.1)
  - ProgressHUD (2.51)
  - Realm (3.20.0):
    - Realm/Headers (= 3.20.0)
  - Realm/Headers (3.20.0)
  - RealmSwift (3.20.0):
    - Realm (= 3.20.0)
  - SwipeCellKit (2.5.1)

DEPENDENCIES:
  - ChameleonFramework/Swift
  - Pastel
  - ProgressHUD
  - RealmSwift (~> 3.20.0)
  - SwipeCellKit

SPEC REPOS:
  trunk:
    - ChameleonFramework
    - Pastel
    - ProgressHUD
    - Realm
    - RealmSwift
    - SwipeCellKit

SPEC CHECKSUMS:
  ChameleonFramework: d21a3cc247abfe5e37609a283a8238b03575cf64
  Pastel: b3dd5b8d612dac06ae7c63c97c45c900829bc139
  ProgressHUD: 54b4c2fa202bf3da7dddc1c698ae4e6376333bd9
  Realm: 8b2ca5bc6479a91f379b6b42b5922e396cd5ba5a
  RealmSwift: 1949ef26a279e1845bd51d591b9103adfcd121df
  SwipeCellKit: 30fd6a4f8a8b8ac864ea389c8b4c8bac5ba5471a

PODFILE CHECKSUM: a402eeb2831ee48b8107cb9a681e66218c26713b

COCOAPODS: 1.8.4
